
Microsoft Visual Studio Solution File, Format Version 12.00
# Visual Studio 14
VisualStudioVersion = 14.0.24720.0
MinimumVisualStudioVersion = 10.0.40219.1
Project("{FAE04EC0-301F-11D3-BF4B-00C04F79EFBC}") = "WCF_Services", "WCF_Services\WCF_Services.csproj", "{9307F694-CC2F-4D9D-ADA9-DFFA615BB73B}"
EndProject
Project("{FAE04EC0-301F-11D3-BF4B-00C04F79EFBC}") = "DALs", "DALs\DALs.csproj", "{5E4BADD0-E610-4054-8D52-E1F120AB5C71}"
EndProject
Project("{FAE04EC0-301F-11D3-BF4B-00C04F79EFBC}") = "Client_Proxy", "Client_Proxy\Client_Proxy.csproj", "{6F5C8218-6B98-48E0-B3CB-AF86625BD835}"
EndProject
Project("{2150E333-8FDC-42A3-9474-1A3956D46DE8}") = "Client_Proxies", "Client_Proxies", "{28D89EAB-1E37-4490-9A5F-DF80188BC04D}"
EndProject
Project("{2150E333-8FDC-42A3-9474-1A3956D46DE8}") = "Databases", "Databases", "{B318942A-9C5D-48B3-8AA2-E4332B002B4F}"
EndProject
Project("{2150E333-8FDC-42A3-9474-1A3956D46DE8}") = "Services", "Services", "{26E863C6-CBF6-472D-9C45-0714ECD562E3}"
EndProject
Project("{2150E333-8FDC-42A3-9474-1A3956D46DE8}") = "Application", "Application", "{B9140D98-35B6-4E44-AC6A-CCE3F5698BD5}"
EndProject
Project("{FAE04EC0-301F-11D3-BF4B-00C04F79EFBC}") = "Service_Starter", "Service_Starter\Service_Starter.csproj", "{3F942992-5673-477D-9B0E-A9D0669F626D}"
EndProject
Project("{FAE04EC0-301F-11D3-BF4B-00C04F79EFBC}") = "Entities", "Entities\Entities.csproj", "{FF16A4F3-4E68-4818-9AE2-48170E9084D5}"
EndProject
Project("{FAE04EC0-301F-11D3-BF4B-00C04F79EFBC}") = "Client_Entities", "Client_Entities\Client_Entities.csproj", "{781454EF-5B0C-47F0-BB03-5A2B6D1F3E9D}"
EndProject
Project("{FAE04EC0-301F-11D3-BF4B-00C04F79EFBC}") = "SSP1Application", "SSP1Application\SSP1Application.csproj", "{3FA7A8AD-325B-4BA7-806D-5BE1EC17D4A3}"
EndProject
Project("{2150E333-8FDC-42A3-9474-1A3956D46DE8}") = "SetUP", "SetUP", "{A9037EFA-4CC8-40D3-B0A9-4968BE846F30}"
EndProject
Global
	GlobalSection(SolutionConfigurationPlatforms) = preSolution
		Debug|Any CPU = Debug|Any CPU
		Release|Any CPU = Release|Any CPU
	EndGlobalSection
	GlobalSection(ProjectConfigurationPlatforms) = postSolution
		{9307F694-CC2F-4D9D-ADA9-DFFA615BB73B}.Debug|Any CPU.ActiveCfg = Debug|Any CPU
		{9307F694-CC2F-4D9D-ADA9-DFFA615BB73B}.Debug|Any CPU.Build.0 = Debug|Any CPU
		{9307F694-CC2F-4D9D-ADA9-DFFA615BB73B}.Release|Any CPU.ActiveCfg = Release|Any CPU
		{9307F694-CC2F-4D9D-ADA9-DFFA615BB73B}.Release|Any CPU.Build.0 = Release|Any CPU
		{5E4BADD0-E610-4054-8D52-E1F120AB5C71}.Debug|Any CPU.ActiveCfg = Debug|Any CPU
		{5E4BADD0-E610-4054-8D52-E1F120AB5C71}.Debug|Any CPU.Build.0 = Debug|Any CPU
		{5E4BADD0-E610-4054-8D52-E1F120AB5C71}.Release|Any CPU.ActiveCfg = Release|Any CPU
		{5E4BADD0-E610-4054-8D52-E1F120AB5C71}.Release|Any CPU.Build.0 = Release|Any CPU
		{6F5C8218-6B98-48E0-B3CB-AF86625BD835}.Debug|Any CPU.ActiveCfg = Debug|Any CPU
		{6F5C8218-6B98-48E0-B3CB-AF86625BD835}.Debug|Any CPU.Build.0 = Debug|Any CPU
		{6F5C8218-6B98-48E0-B3CB-AF86625BD835}.Release|Any CPU.ActiveCfg = Release|Any CPU
		{6F5C8218-6B98-48E0-B3CB-AF86625BD835}.Release|Any CPU.Build.0 = Release|Any CPU
		{3F942992-5673-477D-9B0E-A9D0669F626D}.Debug|Any CPU.ActiveCfg = Debug|Any CPU
		{3F942992-5673-477D-9B0E-A9D0669F626D}.Debug|Any CPU.Build.0 = Debug|Any CPU
		{3F942992-5673-477D-9B0E-A9D0669F626D}.Release|Any CPU.ActiveCfg = Release|Any CPU
		{3F942992-5673-477D-9B0E-A9D0669F626D}.Release|Any CPU.Build.0 = Release|Any CPU
		{FF16A4F3-4E68-4818-9AE2-48170E9084D5}.Debug|Any CPU.ActiveCfg = Debug|Any CPU
		{FF16A4F3-4E68-4818-9AE2-48170E9084D5}.Debug|Any CPU.Build.0 = Debug|Any CPU
		{FF16A4F3-4E68-4818-9AE2-48170E9084D5}.Release|Any CPU.ActiveCfg = Release|Any CPU
		{FF16A4F3-4E68-4818-9AE2-48170E9084D5}.Release|Any CPU.Build.0 = Release|Any CPU
		{781454EF-5B0C-47F0-BB03-5A2B6D1F3E9D}.Debug|Any CPU.ActiveCfg = Debug|Any CPU
		{781454EF-5B0C-47F0-BB03-5A2B6D1F3E9D}.Debug|Any CPU.Build.0 = Debug|Any CPU
		{781454EF-5B0C-47F0-BB03-5A2B6D1F3E9D}.Release|Any CPU.ActiveCfg = Release|Any CPU
		{781454EF-5B0C-47F0-BB03-5A2B6D1F3E9D}.Release|Any CPU.Build.0 = Release|Any CPU
		{3FA7A8AD-325B-4BA7-806D-5BE1EC17D4A3}.Debug|Any CPU.ActiveCfg = Debug|Any CPU
		{3FA7A8AD-325B-4BA7-806D-5BE1EC17D4A3}.Debug|Any CPU.Build.0 = Debug|Any CPU
		{3FA7A8AD-325B-4BA7-806D-5BE1EC17D4A3}.Release|Any CPU.ActiveCfg = Release|Any CPU
		{3FA7A8AD-325B-4BA7-806D-5BE1EC17D4A3}.Release|Any CPU.Build.0 = Release|Any CPU
	EndGlobalSection
	GlobalSection(SolutionProperties) = preSolution
		HideSolutionNode = FALSE
	EndGlobalSection
	GlobalSection(NestedProjects) = preSolution
		{9307F694-CC2F-4D9D-ADA9-DFFA615BB73B} = {26E863C6-CBF6-472D-9C45-0714ECD562E3}
		{5E4BADD0-E610-4054-8D52-E1F120AB5C71} = {B318942A-9C5D-48B3-8AA2-E4332B002B4F}
		{6F5C8218-6B98-48E0-B3CB-AF86625BD835} = {28D89EAB-1E37-4490-9A5F-DF80188BC04D}
		{3F942992-5673-477D-9B0E-A9D0669F626D} = {B9140D98-35B6-4E44-AC6A-CCE3F5698BD5}
		{FF16A4F3-4E68-4818-9AE2-48170E9084D5} = {26E863C6-CBF6-472D-9C45-0714ECD562E3}
		{781454EF-5B0C-47F0-BB03-5A2B6D1F3E9D} = {28D89EAB-1E37-4490-9A5F-DF80188BC04D}
		{3FA7A8AD-325B-4BA7-806D-5BE1EC17D4A3} = {B9140D98-35B6-4E44-AC6A-CCE3F5698BD5}
	EndGlobalSection
EndGlobal
