
Microsoft Visual Studio Solution File, Format Version 12.00
# Visual Studio 14
VisualStudioVersion = 14.0.23107.0
MinimumVisualStudioVersion = 10.0.40219.1
Project("{FAE04EC0-301F-11D3-BF4B-00C04F79EFBC}") = "CameraApp", "CameraApp\CameraApp.csproj", "{4D3F4349-6E91-4CDC-B7F2-07511B66A006}"
EndProject
Project("{FAE04EC0-301F-11D3-BF4B-00C04F79EFBC}") = "WinformsCameraApp", "WinformsCameraApp\WinformsCameraApp.csproj", "{C5FBE142-B580-4D4D-AB08-5196DBFC2331}"
EndProject
Global
	GlobalSection(SolutionConfigurationPlatforms) = preSolution
		Debug|Any CPU = Debug|Any CPU
		Release|Any CPU = Release|Any CPU
	EndGlobalSection
	GlobalSection(ProjectConfigurationPlatforms) = postSolution
		{4D3F4349-6E91-4CDC-B7F2-07511B66A006}.Debug|Any CPU.ActiveCfg = Debug|Any CPU
		{4D3F4349-6E91-4CDC-B7F2-07511B66A006}.Debug|Any CPU.Build.0 = Debug|Any CPU
		{4D3F4349-6E91-4CDC-B7F2-07511B66A006}.Release|Any CPU.ActiveCfg = Release|Any CPU
		{4D3F4349-6E91-4CDC-B7F2-07511B66A006}.Release|Any CPU.Build.0 = Release|Any CPU
		{C5FBE142-B580-4D4D-AB08-5196DBFC2331}.Debug|Any CPU.ActiveCfg = Debug|Any CPU
		{C5FBE142-B580-4D4D-AB08-5196DBFC2331}.Debug|Any CPU.Build.0 = Debug|Any CPU
		{C5FBE142-B580-4D4D-AB08-5196DBFC2331}.Release|Any CPU.ActiveCfg = Release|Any CPU
		{C5FBE142-B580-4D4D-AB08-5196DBFC2331}.Release|Any CPU.Build.0 = Release|Any CPU
	EndGlobalSection
	GlobalSection(SolutionProperties) = preSolution
		HideSolutionNode = FALSE
	EndGlobalSection
EndGlobal
