
Microsoft Visual Studio Solution File, Format Version 12.00
# Visual Studio 14
VisualStudioVersion = 14.0.24720.0
MinimumVisualStudioVersion = 10.0.40219.1
Project("{2150E333-8FDC-42A3-9474-1A3956D46DE8}") = "ServiceManagers", "ServiceManagers", "{69753E8B-2FC9-4BA7-90DA-E37EB7222726}"
EndProject
Project("{2150E333-8FDC-42A3-9474-1A3956D46DE8}") = "ClientServiceManagers", "ClientServiceManagers", "{A4F9256D-61A6-4250-916F-52F10656DCED}"
EndProject
Project("{2150E333-8FDC-42A3-9474-1A3956D46DE8}") = "ApplicationManagers", "ApplicationManagers", "{392AB15A-7421-42FC-A899-0E07C838F5CE}"
EndProject
Project("{2150E333-8FDC-42A3-9474-1A3956D46DE8}") = "DALManagers", "DALManagers", "{7499DD15-886C-4603-94B1-F710F3F53E0A}"
EndProject
Project("{2150E333-8FDC-42A3-9474-1A3956D46DE8}") = "ServiceHost", "ServiceHost", "{8CDDE8A0-D988-449D-BAD1-015A3253E0B1}"
EndProject
Project("{FAE04EC0-301F-11D3-BF4B-00C04F79EFBC}") = "ServiceManagers.Contracts", "Contracts\ServiceManagers.Contracts.csproj", "{DFBF0473-7191-45F2-95EF-FDB25C611323}"
EndProject
Project("{FAE04EC0-301F-11D3-BF4B-00C04F79EFBC}") = "ServiceManager.Services", "Services\ServiceManager.Services.csproj", "{9DDF7CB9-10AD-4B47-942F-F6B0DC070DDE}"
EndProject
Project("{FAE04EC0-301F-11D3-BF4B-00C04F79EFBC}") = "ServiceManager.Entities", "Entities\ServiceManager.Entities.csproj", "{15F1A937-4968-4C1B-A9B3-2F0D365B0988}"
EndProject
Project("{FAE04EC0-301F-11D3-BF4B-00C04F79EFBC}") = "DALManagers.Contracts", "DALManagers.Contracts\DALManagers.Contracts.csproj", "{E1657A21-77D2-452D-9A27-2415326CDCEE}"
EndProject
Project("{FAE04EC0-301F-11D3-BF4B-00C04F79EFBC}") = "DALManagers.Repos", "DALManagers.Repos\DALManagers.Repos.csproj", "{82381BC4-2A56-41BE-B52E-C26C9DEA4CC8}"
EndProject
Project("{FAE04EC0-301F-11D3-BF4B-00C04F79EFBC}") = "ClientServiceManagers.Services", "ClientServiceManagers.Services\ClientServiceManagers.Services.csproj", "{8C756256-585F-4FFA-A1EB-72083D2BAE56}"
EndProject
Project("{2150E333-8FDC-42A3-9474-1A3956D46DE8}") = "Application", "Application", "{D110F374-7374-4906-9C0F-94F0B787C84C}"
EndProject
Project("{FAE04EC0-301F-11D3-BF4B-00C04F79EFBC}") = "Console.AppService", "Console.AppService\Console.AppService.csproj", "{8CE65AF8-3F10-4103-AFEE-D7E2C5FCA730}"
EndProject
Project("{FAE04EC0-301F-11D3-BF4B-00C04F79EFBC}") = "My_Application", "My_Application\My_Application.csproj", "{F3F7E4E9-4777-411C-9111-3039B1950864}"
EndProject
Project("{FAE04EC0-301F-11D3-BF4B-00C04F79EFBC}") = "ClientServiceManagers.Entities", "ClientServiceManagers.Entities\ClientServiceManagers.Entities.csproj", "{37335B90-978C-4CD4-B5FA-E9E825C7E1DD}"
EndProject
Project("{FAE04EC0-301F-11D3-BF4B-00C04F79EFBC}") = "ClientServiceManagers.Contracts", "ClientServiceManagers.Contracts\ClientServiceManagers.Contracts.csproj", "{0230A642-AB85-4295-A37D-8419A9F2FA05}"
EndProject
Project("{2150E333-8FDC-42A3-9474-1A3956D46DE8}") = "CoreManager", "CoreManager", "{A9FB1C83-8A09-44DE-8404-19F056A94172}"
EndProject
Project("{FAE04EC0-301F-11D3-BF4B-00C04F79EFBC}") = "Core.Contracts", "Core.Contracts\Core.Contracts.csproj", "{F85E5FB2-14B0-4BAB-9B54-1B4790A02A0E}"
EndProject
Project("{FAE04EC0-301F-11D3-BF4B-00C04F79EFBC}") = "Core.Services", "Core.Services\Core.Services.csproj", "{22CAB907-50E4-4385-B2B1-1116265CE4FC}"
EndProject
Project("{FAE04EC0-301F-11D3-BF4B-00C04F79EFBC}") = "Client.Booter", "Client.Booter\Client.Booter.csproj", "{7246D7EE-C885-4864-B075-77BD33E90879}"
EndProject
Project("{FAE04EC0-301F-11D3-BF4B-00C04F79EFBC}") = "ServiceManager.Booter", "ServiceManager.Booter\ServiceManager.Booter.csproj", "{6EF3A167-476B-4298-A17E-8F2CAC72AB7D}"
EndProject
Global
	GlobalSection(SolutionConfigurationPlatforms) = preSolution
		Debug|Any CPU = Debug|Any CPU
		Release|Any CPU = Release|Any CPU
	EndGlobalSection
	GlobalSection(ProjectConfigurationPlatforms) = postSolution
		{DFBF0473-7191-45F2-95EF-FDB25C611323}.Debug|Any CPU.ActiveCfg = Debug|Any CPU
		{DFBF0473-7191-45F2-95EF-FDB25C611323}.Debug|Any CPU.Build.0 = Debug|Any CPU
		{DFBF0473-7191-45F2-95EF-FDB25C611323}.Release|Any CPU.ActiveCfg = Release|Any CPU
		{DFBF0473-7191-45F2-95EF-FDB25C611323}.Release|Any CPU.Build.0 = Release|Any CPU
		{9DDF7CB9-10AD-4B47-942F-F6B0DC070DDE}.Debug|Any CPU.ActiveCfg = Debug|Any CPU
		{9DDF7CB9-10AD-4B47-942F-F6B0DC070DDE}.Debug|Any CPU.Build.0 = Debug|Any CPU
		{9DDF7CB9-10AD-4B47-942F-F6B0DC070DDE}.Release|Any CPU.ActiveCfg = Release|Any CPU
		{9DDF7CB9-10AD-4B47-942F-F6B0DC070DDE}.Release|Any CPU.Build.0 = Release|Any CPU
		{15F1A937-4968-4C1B-A9B3-2F0D365B0988}.Debug|Any CPU.ActiveCfg = Debug|Any CPU
		{15F1A937-4968-4C1B-A9B3-2F0D365B0988}.Debug|Any CPU.Build.0 = Debug|Any CPU
		{15F1A937-4968-4C1B-A9B3-2F0D365B0988}.Release|Any CPU.ActiveCfg = Release|Any CPU
		{15F1A937-4968-4C1B-A9B3-2F0D365B0988}.Release|Any CPU.Build.0 = Release|Any CPU
		{E1657A21-77D2-452D-9A27-2415326CDCEE}.Debug|Any CPU.ActiveCfg = Debug|Any CPU
		{E1657A21-77D2-452D-9A27-2415326CDCEE}.Debug|Any CPU.Build.0 = Debug|Any CPU
		{E1657A21-77D2-452D-9A27-2415326CDCEE}.Release|Any CPU.ActiveCfg = Release|Any CPU
		{E1657A21-77D2-452D-9A27-2415326CDCEE}.Release|Any CPU.Build.0 = Release|Any CPU
		{82381BC4-2A56-41BE-B52E-C26C9DEA4CC8}.Debug|Any CPU.ActiveCfg = Debug|Any CPU
		{82381BC4-2A56-41BE-B52E-C26C9DEA4CC8}.Debug|Any CPU.Build.0 = Debug|Any CPU
		{82381BC4-2A56-41BE-B52E-C26C9DEA4CC8}.Release|Any CPU.ActiveCfg = Release|Any CPU
		{82381BC4-2A56-41BE-B52E-C26C9DEA4CC8}.Release|Any CPU.Build.0 = Release|Any CPU
		{8C756256-585F-4FFA-A1EB-72083D2BAE56}.Debug|Any CPU.ActiveCfg = Debug|Any CPU
		{8C756256-585F-4FFA-A1EB-72083D2BAE56}.Debug|Any CPU.Build.0 = Debug|Any CPU
		{8C756256-585F-4FFA-A1EB-72083D2BAE56}.Release|Any CPU.ActiveCfg = Release|Any CPU
		{8C756256-585F-4FFA-A1EB-72083D2BAE56}.Release|Any CPU.Build.0 = Release|Any CPU
		{8CE65AF8-3F10-4103-AFEE-D7E2C5FCA730}.Debug|Any CPU.ActiveCfg = Debug|Any CPU
		{8CE65AF8-3F10-4103-AFEE-D7E2C5FCA730}.Debug|Any CPU.Build.0 = Debug|Any CPU
		{8CE65AF8-3F10-4103-AFEE-D7E2C5FCA730}.Release|Any CPU.ActiveCfg = Release|Any CPU
		{8CE65AF8-3F10-4103-AFEE-D7E2C5FCA730}.Release|Any CPU.Build.0 = Release|Any CPU
		{F3F7E4E9-4777-411C-9111-3039B1950864}.Debug|Any CPU.ActiveCfg = Debug|Any CPU
		{F3F7E4E9-4777-411C-9111-3039B1950864}.Debug|Any CPU.Build.0 = Debug|Any CPU
		{F3F7E4E9-4777-411C-9111-3039B1950864}.Release|Any CPU.ActiveCfg = Release|Any CPU
		{F3F7E4E9-4777-411C-9111-3039B1950864}.Release|Any CPU.Build.0 = Release|Any CPU
		{37335B90-978C-4CD4-B5FA-E9E825C7E1DD}.Debug|Any CPU.ActiveCfg = Debug|Any CPU
		{37335B90-978C-4CD4-B5FA-E9E825C7E1DD}.Debug|Any CPU.Build.0 = Debug|Any CPU
		{37335B90-978C-4CD4-B5FA-E9E825C7E1DD}.Release|Any CPU.ActiveCfg = Release|Any CPU
		{37335B90-978C-4CD4-B5FA-E9E825C7E1DD}.Release|Any CPU.Build.0 = Release|Any CPU
		{0230A642-AB85-4295-A37D-8419A9F2FA05}.Debug|Any CPU.ActiveCfg = Debug|Any CPU
		{0230A642-AB85-4295-A37D-8419A9F2FA05}.Debug|Any CPU.Build.0 = Debug|Any CPU
		{0230A642-AB85-4295-A37D-8419A9F2FA05}.Release|Any CPU.ActiveCfg = Release|Any CPU
		{0230A642-AB85-4295-A37D-8419A9F2FA05}.Release|Any CPU.Build.0 = Release|Any CPU
		{F85E5FB2-14B0-4BAB-9B54-1B4790A02A0E}.Debug|Any CPU.ActiveCfg = Debug|Any CPU
		{F85E5FB2-14B0-4BAB-9B54-1B4790A02A0E}.Debug|Any CPU.Build.0 = Debug|Any CPU
		{F85E5FB2-14B0-4BAB-9B54-1B4790A02A0E}.Release|Any CPU.ActiveCfg = Release|Any CPU
		{F85E5FB2-14B0-4BAB-9B54-1B4790A02A0E}.Release|Any CPU.Build.0 = Release|Any CPU
		{22CAB907-50E4-4385-B2B1-1116265CE4FC}.Debug|Any CPU.ActiveCfg = Debug|Any CPU
		{22CAB907-50E4-4385-B2B1-1116265CE4FC}.Debug|Any CPU.Build.0 = Debug|Any CPU
		{22CAB907-50E4-4385-B2B1-1116265CE4FC}.Release|Any CPU.ActiveCfg = Release|Any CPU
		{22CAB907-50E4-4385-B2B1-1116265CE4FC}.Release|Any CPU.Build.0 = Release|Any CPU
		{7246D7EE-C885-4864-B075-77BD33E90879}.Debug|Any CPU.ActiveCfg = Debug|Any CPU
		{7246D7EE-C885-4864-B075-77BD33E90879}.Debug|Any CPU.Build.0 = Debug|Any CPU
		{7246D7EE-C885-4864-B075-77BD33E90879}.Release|Any CPU.ActiveCfg = Release|Any CPU
		{7246D7EE-C885-4864-B075-77BD33E90879}.Release|Any CPU.Build.0 = Release|Any CPU
		{6EF3A167-476B-4298-A17E-8F2CAC72AB7D}.Debug|Any CPU.ActiveCfg = Debug|Any CPU
		{6EF3A167-476B-4298-A17E-8F2CAC72AB7D}.Debug|Any CPU.Build.0 = Debug|Any CPU
		{6EF3A167-476B-4298-A17E-8F2CAC72AB7D}.Release|Any CPU.ActiveCfg = Release|Any CPU
		{6EF3A167-476B-4298-A17E-8F2CAC72AB7D}.Release|Any CPU.Build.0 = Release|Any CPU
	EndGlobalSection
	GlobalSection(SolutionProperties) = preSolution
		HideSolutionNode = FALSE
	EndGlobalSection
	GlobalSection(NestedProjects) = preSolution
		{8CDDE8A0-D988-449D-BAD1-015A3253E0B1} = {392AB15A-7421-42FC-A899-0E07C838F5CE}
		{DFBF0473-7191-45F2-95EF-FDB25C611323} = {69753E8B-2FC9-4BA7-90DA-E37EB7222726}
		{9DDF7CB9-10AD-4B47-942F-F6B0DC070DDE} = {69753E8B-2FC9-4BA7-90DA-E37EB7222726}
		{15F1A937-4968-4C1B-A9B3-2F0D365B0988} = {69753E8B-2FC9-4BA7-90DA-E37EB7222726}
		{E1657A21-77D2-452D-9A27-2415326CDCEE} = {7499DD15-886C-4603-94B1-F710F3F53E0A}
		{82381BC4-2A56-41BE-B52E-C26C9DEA4CC8} = {7499DD15-886C-4603-94B1-F710F3F53E0A}
		{8C756256-585F-4FFA-A1EB-72083D2BAE56} = {A4F9256D-61A6-4250-916F-52F10656DCED}
		{D110F374-7374-4906-9C0F-94F0B787C84C} = {392AB15A-7421-42FC-A899-0E07C838F5CE}
		{8CE65AF8-3F10-4103-AFEE-D7E2C5FCA730} = {8CDDE8A0-D988-449D-BAD1-015A3253E0B1}
		{F3F7E4E9-4777-411C-9111-3039B1950864} = {D110F374-7374-4906-9C0F-94F0B787C84C}
		{37335B90-978C-4CD4-B5FA-E9E825C7E1DD} = {A4F9256D-61A6-4250-916F-52F10656DCED}
		{0230A642-AB85-4295-A37D-8419A9F2FA05} = {A4F9256D-61A6-4250-916F-52F10656DCED}
		{F85E5FB2-14B0-4BAB-9B54-1B4790A02A0E} = {A9FB1C83-8A09-44DE-8404-19F056A94172}
		{22CAB907-50E4-4385-B2B1-1116265CE4FC} = {A9FB1C83-8A09-44DE-8404-19F056A94172}
		{7246D7EE-C885-4864-B075-77BD33E90879} = {A4F9256D-61A6-4250-916F-52F10656DCED}
		{6EF3A167-476B-4298-A17E-8F2CAC72AB7D} = {69753E8B-2FC9-4BA7-90DA-E37EB7222726}
	EndGlobalSection
EndGlobal
